
Microsoft Visual Studio Solution File, Format Version 12.00
# Visual Studio Version 17
VisualStudioVersion = 17.0.31903.59
MinimumVisualStudioVersion = 10.0.40219.1
Project("{2150E333-8FDC-42A3-9474-1A3956D46DE8}") = "src", "src", "{827E0CD3-B72D-47B6-A68D-7590B98EB39B}"
EndProject
Project("{FAE04EC0-301F-11D3-BF4B-00C04F79EFBC}") = "Mobizon.Contracts", "src\Mobizon.Contracts\Mobizon.Contracts.csproj", "{ACD17F75-E752-440E-AF1A-E2505826C482}"
EndProject
Project("{FAE04EC0-301F-11D3-BF4B-00C04F79EFBC}") = "Mobizon.Net", "src\Mobizon.Net\Mobizon.Net.csproj", "{1B2B21C2-767F-43D9-AB85-40CE7F7DA6AD}"
EndProject
Project("{FAE04EC0-301F-11D3-BF4B-00C04F79EFBC}") = "Mobizon.Net.Extensions.DependencyInjection", "src\Mobizon.Net.Extensions.DependencyInjection\Mobizon.Net.Extensions.DependencyInjection.csproj", "{9C182F9F-3605-401B-9BC4-A98A886DFF8F}"
EndProject
Project("{FAE04EC0-301F-11D3-BF4B-00C04F79EFBC}") = "Mobizon.Net.Extensions.Polly", "src\Mobizon.Net.Extensions.Polly\Mobizon.Net.Extensions.Polly.csproj", "{7E734987-8B1F-45CD-B630-7D28D99526F1}"
EndProject
Project("{2150E333-8FDC-42A3-9474-1A3956D46DE8}") = "tests", "tests", "{0AB3BF05-4346-4AA6-1389-037BE0695223}"
EndProject
Project("{FAE04EC0-301F-11D3-BF4B-00C04F79EFBC}") = "Mobizon.Net.Tests", "tests\Mobizon.Net.Tests\Mobizon.Net.Tests.csproj", "{67C4F79B-A908-4853-8349-29CE6E4AB082}"
EndProject
Project("{FAE04EC0-301F-11D3-BF4B-00C04F79EFBC}") = "Mobizon.Net.IntegrationTests", "tests\Mobizon.Net.IntegrationTests\Mobizon.Net.IntegrationTests.csproj", "{5E46D10C-74E8-40F2-A151-2B9EE24CA3F8}"
EndProject
Project("{2150E333-8FDC-42A3-9474-1A3956D46DE8}") = "samples", "samples", "{5D20AA90-6969-D8BD-9DCD-8634F4692FDA}"
EndProject
Project("{FAE04EC0-301F-11D3-BF4B-00C04F79EFBC}") = "Mobizon.Net.ConsoleSample", "samples\Mobizon.Net.ConsoleSample\Mobizon.Net.ConsoleSample.csproj", "{962A1C3A-A4F2-4D6B-99AD-098624DFF335}"
EndProject
Global
	GlobalSection(SolutionConfigurationPlatforms) = preSolution
		Debug|Any CPU = Debug|Any CPU
		Debug|x64 = Debug|x64
		Debug|x86 = Debug|x86
		Release|Any CPU = Release|Any CPU
		Release|x64 = Release|x64
		Release|x86 = Release|x86
	EndGlobalSection
	GlobalSection(ProjectConfigurationPlatforms) = postSolution
		{ACD17F75-E752-440E-AF1A-E2505826C482}.Debug|Any CPU.ActiveCfg = Debug|Any CPU
		{ACD17F75-E752-440E-AF1A-E2505826C482}.Debug|Any CPU.Build.0 = Debug|Any CPU
		{ACD17F75-E752-440E-AF1A-E2505826C482}.Debug|x64.ActiveCfg = Debug|Any CPU
		{ACD17F75-E752-440E-AF1A-E2505826C482}.Debug|x64.Build.0 = Debug|Any CPU
		{ACD17F75-E752-440E-AF1A-E2505826C482}.Debug|x86.ActiveCfg = Debug|Any CPU
		{ACD17F75-E752-440E-AF1A-E2505826C482}.Debug|x86.Build.0 = Debug|Any CPU
		{ACD17F75-E752-440E-AF1A-E2505826C482}.Release|Any CPU.ActiveCfg = Release|Any CPU
		{ACD17F75-E752-440E-AF1A-E2505826C482}.Release|Any CPU.Build.0 = Release|Any CPU
		{ACD17F75-E752-440E-AF1A-E2505826C482}.Release|x64.ActiveCfg = Release|Any CPU
		{ACD17F75-E752-440E-AF1A-E2505826C482}.Release|x64.Build.0 = Release|Any CPU
		{ACD17F75-E752-440E-AF1A-E2505826C482}.Release|x86.ActiveCfg = Release|Any CPU
		{ACD17F75-E752-440E-AF1A-E2505826C482}.Release|x86.Build.0 = Release|Any CPU
		{1B2B21C2-767F-43D9-AB85-40CE7F7DA6AD}.Debug|Any CPU.ActiveCfg = Debug|Any CPU
		{1B2B21C2-767F-43D9-AB85-40CE7F7DA6AD}.Debug|Any CPU.Build.0 = Debug|Any CPU
		{1B2B21C2-767F-43D9-AB85-40CE7F7DA6AD}.Debug|x64.ActiveCfg = Debug|Any CPU
		{1B2B21C2-767F-43D9-AB85-40CE7F7DA6AD}.Debug|x64.Build.0 = Debug|Any CPU
		{1B2B21C2-767F-43D9-AB85-40CE7F7DA6AD}.Debug|x86.ActiveCfg = Debug|Any CPU
		{1B2B21C2-767F-43D9-AB85-40CE7F7DA6AD}.Debug|x86.Build.0 = Debug|Any CPU
		{1B2B21C2-767F-43D9-AB85-40CE7F7DA6AD}.Release|Any CPU.ActiveCfg = Release|Any CPU
		{1B2B21C2-767F-43D9-AB85-40CE7F7DA6AD}.Release|Any CPU.Build.0 = Release|Any CPU
		{1B2B21C2-767F-43D9-AB85-40CE7F7DA6AD}.Release|x64.ActiveCfg = Release|Any CPU
		{1B2B21C2-767F-43D9-AB85-40CE7F7DA6AD}.Release|x64.Build.0 = Release|Any CPU
		{1B2B21C2-767F-43D9-AB85-40CE7F7DA6AD}.Release|x86.ActiveCfg = Release|Any CPU
		{1B2B21C2-767F-43D9-AB85-40CE7F7DA6AD}.Release|x86.Build.0 = Release|Any CPU
		{9C182F9F-3605-401B-9BC4-A98A886DFF8F}.Debug|Any CPU.ActiveCfg = Debug|Any CPU
		{9C182F9F-3605-401B-9BC4-A98A886DFF8F}.Debug|Any CPU.Build.0 = Debug|Any CPU
		{9C182F9F-3605-401B-9BC4-A98A886DFF8F}.Debug|x64.ActiveCfg = Debug|Any CPU
		{9C182F9F-3605-401B-9BC4-A98A886DFF8F}.Debug|x64.Build.0 = Debug|Any CPU
		{9C182F9F-3605-401B-9BC4-A98A886DFF8F}.Debug|x86.ActiveCfg = Debug|Any CPU
		{9C182F9F-3605-401B-9BC4-A98A886DFF8F}.Debug|x86.Build.0 = Debug|Any CPU
		{9C182F9F-3605-401B-9BC4-A98A886DFF8F}.Release|Any CPU.ActiveCfg = Release|Any CPU
		{9C182F9F-3605-401B-9BC4-A98A886DFF8F}.Release|Any CPU.Build.0 = Release|Any CPU
		{9C182F9F-3605-401B-9BC4-A98A886DFF8F}.Release|x64.ActiveCfg = Release|Any CPU
		{9C182F9F-3605-401B-9BC4-A98A886DFF8F}.Release|x64.Build.0 = Release|Any CPU
		{9C182F9F-3605-401B-9BC4-A98A886DFF8F}.Release|x86.ActiveCfg = Release|Any CPU
		{9C182F9F-3605-401B-9BC4-A98A886DFF8F}.Release|x86.Build.0 = Release|Any CPU
		{7E734987-8B1F-45CD-B630-7D28D99526F1}.Debug|Any CPU.ActiveCfg = Debug|Any CPU
		{7E734987-8B1F-45CD-B630-7D28D99526F1}.Debug|Any CPU.Build.0 = Debug|Any CPU
		{7E734987-8B1F-45CD-B630-7D28D99526F1}.Debug|x64.ActiveCfg = Debug|Any CPU
		{7E734987-8B1F-45CD-B630-7D28D99526F1}.Debug|x64.Build.0 = Debug|Any CPU
		{7E734987-8B1F-45CD-B630-7D28D99526F1}.Debug|x86.ActiveCfg = Debug|Any CPU
		{7E734987-8B1F-45CD-B630-7D28D99526F1}.Debug|x86.Build.0 = Debug|Any CPU
		{7E734987-8B1F-45CD-B630-7D28D99526F1}.Release|Any CPU.ActiveCfg = Release|Any CPU
		{7E734987-8B1F-45CD-B630-7D28D99526F1}.Release|Any CPU.Build.0 = Release|Any CPU
		{7E734987-8B1F-45CD-B630-7D28D99526F1}.Release|x64.ActiveCfg = Release|Any CPU
		{7E734987-8B1F-45CD-B630-7D28D99526F1}.Release|x64.Build.0 = Release|Any CPU
		{7E734987-8B1F-45CD-B630-7D28D99526F1}.Release|x86.ActiveCfg = Release|Any CPU
		{7E734987-8B1F-45CD-B630-7D28D99526F1}.Release|x86.Build.0 = Release|Any CPU
		{67C4F79B-A908-4853-8349-29CE6E4AB082}.Debug|Any CPU.ActiveCfg = Debug|Any CPU
		{67C4F79B-A908-4853-8349-29CE6E4AB082}.Debug|Any CPU.Build.0 = Debug|Any CPU
		{67C4F79B-A908-4853-8349-29CE6E4AB082}.Debug|x64.ActiveCfg = Debug|Any CPU
		{67C4F79B-A908-4853-8349-29CE6E4AB082}.Debug|x64.Build.0 = Debug|Any CPU
		{67C4F79B-A908-4853-8349-29CE6E4AB082}.Debug|x86.ActiveCfg = Debug|Any CPU
		{67C4F79B-A908-4853-8349-29CE6E4AB082}.Debug|x86.Build.0 = Debug|Any CPU
		{67C4F79B-A908-4853-8349-29CE6E4AB082}.Release|Any CPU.ActiveCfg = Release|Any CPU
		{67C4F79B-A908-4853-8349-29CE6E4AB082}.Release|Any CPU.Build.0 = Release|Any CPU
		{67C4F79B-A908-4853-8349-29CE6E4AB082}.Release|x64.ActiveCfg = Release|Any CPU
		{67C4F79B-A908-4853-8349-29CE6E4AB082}.Release|x64.Build.0 = Release|Any CPU
		{67C4F79B-A908-4853-8349-29CE6E4AB082}.Release|x86.ActiveCfg = Release|Any CPU
		{67C4F79B-A908-4853-8349-29CE6E4AB082}.Release|x86.Build.0 = Release|Any CPU
		{5E46D10C-74E8-40F2-A151-2B9EE24CA3F8}.Debug|Any CPU.ActiveCfg = Debug|Any CPU
		{5E46D10C-74E8-40F2-A151-2B9EE24CA3F8}.Debug|Any CPU.Build.0 = Debug|Any CPU
		{5E46D10C-74E8-40F2-A151-2B9EE24CA3F8}.Debug|x64.ActiveCfg = Debug|Any CPU
		{5E46D10C-74E8-40F2-A151-2B9EE24CA3F8}.Debug|x64.Build.0 = Debug|Any CPU
		{5E46D10C-74E8-40F2-A151-2B9EE24CA3F8}.Debug|x86.ActiveCfg = Debug|Any CPU
		{5E46D10C-74E8-40F2-A151-2B9EE24CA3F8}.Debug|x86.Build.0 = Debug|Any CPU
		{5E46D10C-74E8-40F2-A151-2B9EE24CA3F8}.Release|Any CPU.ActiveCfg = Release|Any CPU
		{5E46D10C-74E8-40F2-A151-2B9EE24CA3F8}.Release|Any CPU.Build.0 = Release|Any CPU
		{5E46D10C-74E8-40F2-A151-2B9EE24CA3F8}.Release|x64.ActiveCfg = Release|Any CPU
		{5E46D10C-74E8-40F2-A151-2B9EE24CA3F8}.Release|x64.Build.0 = Release|Any CPU
		{5E46D10C-74E8-40F2-A151-2B9EE24CA3F8}.Release|x86.ActiveCfg = Release|Any CPU
		{5E46D10C-74E8-40F2-A151-2B9EE24CA3F8}.Release|x86.Build.0 = Release|Any CPU
		{962A1C3A-A4F2-4D6B-99AD-098624DFF335}.Debug|Any CPU.ActiveCfg = Debug|Any CPU
		{962A1C3A-A4F2-4D6B-99AD-098624DFF335}.Debug|Any CPU.Build.0 = Debug|Any CPU
		{962A1C3A-A4F2-4D6B-99AD-098624DFF335}.Debug|x64.ActiveCfg = Debug|Any CPU
		{962A1C3A-A4F2-4D6B-99AD-098624DFF335}.Debug|x64.Build.0 = Debug|Any CPU
		{962A1C3A-A4F2-4D6B-99AD-098624DFF335}.Debug|x86.ActiveCfg = Debug|Any CPU
		{962A1C3A-A4F2-4D6B-99AD-098624DFF335}.Debug|x86.Build.0 = Debug|Any CPU
		{962A1C3A-A4F2-4D6B-99AD-098624DFF335}.Release|Any CPU.ActiveCfg = Release|Any CPU
		{962A1C3A-A4F2-4D6B-99AD-098624DFF335}.Release|Any CPU.Build.0 = Release|Any CPU
		{962A1C3A-A4F2-4D6B-99AD-098624DFF335}.Release|x64.ActiveCfg = Release|Any CPU
		{962A1C3A-A4F2-4D6B-99AD-098624DFF335}.Release|x64.Build.0 = Release|Any CPU
		{962A1C3A-A4F2-4D6B-99AD-098624DFF335}.Release|x86.ActiveCfg = Release|Any CPU
		{962A1C3A-A4F2-4D6B-99AD-098624DFF335}.Release|x86.Build.0 = Release|Any CPU
	EndGlobalSection
	GlobalSection(SolutionProperties) = preSolution
		HideSolutionNode = FALSE
	EndGlobalSection
	GlobalSection(NestedProjects) = preSolution
		{ACD17F75-E752-440E-AF1A-E2505826C482} = {827E0CD3-B72D-47B6-A68D-7590B98EB39B}
		{1B2B21C2-767F-43D9-AB85-40CE7F7DA6AD} = {827E0CD3-B72D-47B6-A68D-7590B98EB39B}
		{9C182F9F-3605-401B-9BC4-A98A886DFF8F} = {827E0CD3-B72D-47B6-A68D-7590B98EB39B}
		{7E734987-8B1F-45CD-B630-7D28D99526F1} = {827E0CD3-B72D-47B6-A68D-7590B98EB39B}
		{67C4F79B-A908-4853-8349-29CE6E4AB082} = {0AB3BF05-4346-4AA6-1389-037BE0695223}
		{5E46D10C-74E8-40F2-A151-2B9EE24CA3F8} = {0AB3BF05-4346-4AA6-1389-037BE0695223}
		{962A1C3A-A4F2-4D6B-99AD-098624DFF335} = {5D20AA90-6969-D8BD-9DCD-8634F4692FDA}
	EndGlobalSection
EndGlobal
